
Microsoft Visual Studio Solution File, Format Version 12.00
# Visual Studio Version 17
VisualStudioVersion = 17.10.35122.118
MinimumVisualStudioVersion = 10.0.40219.1
Project("{FAE04EC0-301F-11D3-BF4B-00C04F79EFBC}") = "ProjetoPrimeiro", "ProjetoPrimeiro\ProjetoPrimeiro.csproj", "{1383EBF1-7BFE-41FC-BC53-91EE3B1EFD8E}"
EndProject
Global
	GlobalSection(SolutionConfigurationPlatforms) = preSolution
		Debug|Any CPU = Debug|Any CPU
		Release|Any CPU = Release|Any CPU
	EndGlobalSection
	GlobalSection(ProjectConfigurationPlatforms) = postSolution
		{1383EBF1-7BFE-41FC-BC53-91EE3B1EFD8E}.Debug|Any CPU.ActiveCfg = Debug|Any CPU
		{1383EBF1-7BFE-41FC-BC53-91EE3B1EFD8E}.Debug|Any CPU.Build.0 = Debug|Any CPU
		{1383EBF1-7BFE-41FC-BC53-91EE3B1EFD8E}.Release|Any CPU.ActiveCfg = Release|Any CPU
		{1383EBF1-7BFE-41FC-BC53-91EE3B1EFD8E}.Release|Any CPU.Build.0 = Release|Any CPU
	EndGlobalSection
	GlobalSection(SolutionProperties) = preSolution
		HideSolutionNode = FALSE
	EndGlobalSection
	GlobalSection(ExtensibilityGlobals) = postSolution
		SolutionGuid = {E19BC3F7-DDBF-4ADF-8BC2-5EB03AB6E341}
	EndGlobalSection
EndGlobal
